
Microsoft Visual Studio Solution File, Format Version 14.00
# Visual Studio 2015
Project("{F184B08F-C81C-45F6-A57F-5ABD9991F28F}") = "UserInteraction", "UserInteraction.vbproj", "{54901116-04F0-4793-BAA0-F72BBA99569C}"
EndProject
Global
	GlobalSection(SolutionConfigurationPlatforms) = preSolution
		Debug|Any CPU = Debug|Any CPU
		Release|Any CPU = Release|Any CPU
	EndGlobalSection
	GlobalSection(ProjectConfigurationPlatforms) = postSolution
		{54901116-04F0-4793-BAA0-F72BBA99569C}.Debug|Any CPU.ActiveCfg = Debug|Any CPU
		{54901116-04F0-4793-BAA0-F72BBA99569C}.Debug|Any CPU.Build.0 = Debug|Any CPU
		{54901116-04F0-4793-BAA0-F72BBA99569C}.Release|Any CPU.ActiveCfg = Release|Any CPU
		{54901116-04F0-4793-BAA0-F72BBA99569C}.Release|Any CPU.Build.0 = Release|Any CPU
	EndGlobalSection
	GlobalSection(SolutionProperties) = preSolution
		HideSolutionNode = FALSE
	EndGlobalSection
EndGlobal
