
Microsoft Visual Studio Solution File, Format Version 14.00
# Visual Studio 2015
Project("{9A19103F-16F7-4668-BE54-9A1E7A4F7556}") = "SimpleExeCS", "SimpleExeCS.csproj", "{CD565784-D2EC-4BA9-967D-3EC1D110E280}"
EndProject
Global
	GlobalSection(SolutionConfigurationPlatforms) = preSolution
		Debug|Any CPU = Debug|Any CPU
		Release|Any CPU = Release|Any CPU
	EndGlobalSection
	GlobalSection(ProjectConfigurationPlatforms) = postSolution
		{CD565784-D2EC-4BA9-967D-3EC1D110E280}.Debug|Any CPU.ActiveCfg = Debug|Any CPU
		{CD565784-D2EC-4BA9-967D-3EC1D110E280}.Debug|Any CPU.Build.0 = Debug|Any CPU
		{CD565784-D2EC-4BA9-967D-3EC1D110E280}.Release|Any CPU.ActiveCfg = Release|Any CPU
		{CD565784-D2EC-4BA9-967D-3EC1D110E280}.Release|Any CPU.Build.0 = Release|Any CPU
	EndGlobalSection
	GlobalSection(SolutionProperties) = preSolution
		HideSolutionNode = FALSE
	EndGlobalSection
EndGlobal
