
Microsoft Visual Studio Solution File, Format Version 14.00
# Visual Studio 2015
Project("{8BC9CEB8-8B4A-11D0-8D11-00A0C91BC942}") = "ClientGraphics", "ClientGraphics.vcxproj", "{4A084C7B-486D-4E7B-A68C-E24103720A5A}"
EndProject
Global
	GlobalSection(SolutionConfigurationPlatforms) = preSolution
		Debug|Win32 = Debug|Win32
		Debug|x64 = Debug|x64
		Optimize|Win32 = Optimize|Win32
		Optimize|x64 = Optimize|x64
	EndGlobalSection
	GlobalSection(ProjectConfigurationPlatforms) = postSolution
		{4A084C7B-486D-4E7B-A68C-E24103720A5A}.Debug|Win32.ActiveCfg = Debug|Win32
		{4A084C7B-486D-4E7B-A68C-E24103720A5A}.Debug|Win32.Build.0 = Debug|Win32
		{4A084C7B-486D-4E7B-A68C-E24103720A5A}.Debug|x64.ActiveCfg = Debug|x64
		{4A084C7B-486D-4E7B-A68C-E24103720A5A}.Debug|x64.Build.0 = Debug|x64
		{4A084C7B-486D-4E7B-A68C-E24103720A5A}.Optimize|Win32.ActiveCfg = Optimize|Win32
		{4A084C7B-486D-4E7B-A68C-E24103720A5A}.Optimize|Win32.Build.0 = Optimize|Win32
		{4A084C7B-486D-4E7B-A68C-E24103720A5A}.Optimize|x64.ActiveCfg = Optimize|x64
		{4A084C7B-486D-4E7B-A68C-E24103720A5A}.Optimize|x64.Build.0 = Optimize|x64
	EndGlobalSection
	GlobalSection(SolutionProperties) = preSolution
		HideSolutionNode = FALSE
	EndGlobalSection
EndGlobal
