
Microsoft Visual Studio Solution File, Format Version 14.00
# Visual Studio 2015
Project("{8BC9CEB8-8B4A-11D0-8D11-00A0C91BC942}") = "iPart", "iPart.vcxproj", "{FEE69F67-3B82-4778-B6BD-1E113A2995A0}"
EndProject
Global
	GlobalSection(SolutionConfigurationPlatforms) = preSolution
		Debug|Win32 = Debug|Win32
		Debug|x64 = Debug|x64
		Optimize|Win32 = Optimize|Win32
		Optimize|x64 = Optimize|x64
	EndGlobalSection
	GlobalSection(ProjectConfigurationPlatforms) = postSolution
		{FEE69F67-3B82-4778-B6BD-1E113A2995A0}.Debug|Win32.ActiveCfg = Debug|Win32
		{FEE69F67-3B82-4778-B6BD-1E113A2995A0}.Debug|Win32.Build.0 = Debug|Win32
		{FEE69F67-3B82-4778-B6BD-1E113A2995A0}.Debug|x64.ActiveCfg = Debug|x64
		{FEE69F67-3B82-4778-B6BD-1E113A2995A0}.Debug|x64.Build.0 = Debug|x64
		{FEE69F67-3B82-4778-B6BD-1E113A2995A0}.Optimize|Win32.ActiveCfg = Optimize|Win32
		{FEE69F67-3B82-4778-B6BD-1E113A2995A0}.Optimize|Win32.Build.0 = Optimize|Win32
		{FEE69F67-3B82-4778-B6BD-1E113A2995A0}.Optimize|x64.ActiveCfg = Optimize|x64
		{FEE69F67-3B82-4778-B6BD-1E113A2995A0}.Optimize|x64.Build.0 = Optimize|x64
	EndGlobalSection
	GlobalSection(SolutionProperties) = preSolution
		HideSolutionNode = FALSE
	EndGlobalSection
EndGlobal
